
Microsoft Visual Studio Solution File, Format Version 12.00
# Visual Studio Version 16
VisualStudioVersion = 16.0.29306.81
MinimumVisualStudioVersion = 10.0.40219.1
Project("{FAE04EC0-301F-11D3-BF4B-00C04F79EFBC}") = "AviaSession1", "AviaSession1.csproj", "{AF897BD3-3538-453C-9337-22FF86C9DC20}"
EndProject
Project("{FAE04EC0-301F-11D3-BF4B-00C04F79EFBC}") = "AviaSession2", "..\AviaSession2\AviaSession2.csproj", "{9FF313ED-999F-432A-BC44-CC7222E7AF85}"
EndProject
Project("{FAE04EC0-301F-11D3-BF4B-00C04F79EFBC}") = "AviaSession3", "..\AviaSession3\AviaSession3.csproj", "{C387C6D5-E8FE-45CC-9E12-67FF085226A4}"
EndProject
Project("{FAE04EC0-301F-11D3-BF4B-00C04F79EFBC}") = "AviaSession4", "..\AviaSession4\AviaSession4.csproj", "{48DE91A2-9BC1-48EB-8200-0C8CFB3DA933}"
EndProject
Project("{FAE04EC0-301F-11D3-BF4B-00C04F79EFBC}") = "AviaSession5", "..\AviaSession5\AviaSession5.csproj", "{9505467C-E4FC-4422-A51B-B6C068DF6090}"
EndProject
Global
	GlobalSection(SolutionConfigurationPlatforms) = preSolution
		Debug|Any CPU = Debug|Any CPU
		Debug|ARM = Debug|ARM
		Debug|iPhone = Debug|iPhone
		Debug|iPhoneSimulator = Debug|iPhoneSimulator
		Debug|x64 = Debug|x64
		Debug|x86 = Debug|x86
		Release|Any CPU = Release|Any CPU
		Release|ARM = Release|ARM
		Release|iPhone = Release|iPhone
		Release|iPhoneSimulator = Release|iPhoneSimulator
		Release|x64 = Release|x64
		Release|x86 = Release|x86
	EndGlobalSection
	GlobalSection(ProjectConfigurationPlatforms) = postSolution
		{AF897BD3-3538-453C-9337-22FF86C9DC20}.Debug|Any CPU.ActiveCfg = Debug|Any CPU
		{AF897BD3-3538-453C-9337-22FF86C9DC20}.Debug|Any CPU.Build.0 = Debug|Any CPU
		{AF897BD3-3538-453C-9337-22FF86C9DC20}.Debug|ARM.ActiveCfg = Debug|Any CPU
		{AF897BD3-3538-453C-9337-22FF86C9DC20}.Debug|ARM.Build.0 = Debug|Any CPU
		{AF897BD3-3538-453C-9337-22FF86C9DC20}.Debug|iPhone.ActiveCfg = Debug|Any CPU
		{AF897BD3-3538-453C-9337-22FF86C9DC20}.Debug|iPhone.Build.0 = Debug|Any CPU
		{AF897BD3-3538-453C-9337-22FF86C9DC20}.Debug|iPhoneSimulator.ActiveCfg = Debug|Any CPU
		{AF897BD3-3538-453C-9337-22FF86C9DC20}.Debug|iPhoneSimulator.Build.0 = Debug|Any CPU
		{AF897BD3-3538-453C-9337-22FF86C9DC20}.Debug|x64.ActiveCfg = Debug|Any CPU
		{AF897BD3-3538-453C-9337-22FF86C9DC20}.Debug|x64.Build.0 = Debug|Any CPU
		{AF897BD3-3538-453C-9337-22FF86C9DC20}.Debug|x86.ActiveCfg = Debug|Any CPU
		{AF897BD3-3538-453C-9337-22FF86C9DC20}.Debug|x86.Build.0 = Debug|Any CPU
		{AF897BD3-3538-453C-9337-22FF86C9DC20}.Release|Any CPU.ActiveCfg = Release|Any CPU
		{AF897BD3-3538-453C-9337-22FF86C9DC20}.Release|Any CPU.Build.0 = Release|Any CPU
		{AF897BD3-3538-453C-9337-22FF86C9DC20}.Release|ARM.ActiveCfg = Release|Any CPU
		{AF897BD3-3538-453C-9337-22FF86C9DC20}.Release|ARM.Build.0 = Release|Any CPU
		{AF897BD3-3538-453C-9337-22FF86C9DC20}.Release|iPhone.ActiveCfg = Release|Any CPU
		{AF897BD3-3538-453C-9337-22FF86C9DC20}.Release|iPhone.Build.0 = Release|Any CPU
		{AF897BD3-3538-453C-9337-22FF86C9DC20}.Release|iPhoneSimulator.ActiveCfg = Release|Any CPU
		{AF897BD3-3538-453C-9337-22FF86C9DC20}.Release|iPhoneSimulator.Build.0 = Release|Any CPU
		{AF897BD3-3538-453C-9337-22FF86C9DC20}.Release|x64.ActiveCfg = Release|Any CPU
		{AF897BD3-3538-453C-9337-22FF86C9DC20}.Release|x64.Build.0 = Release|Any CPU
		{AF897BD3-3538-453C-9337-22FF86C9DC20}.Release|x86.ActiveCfg = Release|Any CPU
		{AF897BD3-3538-453C-9337-22FF86C9DC20}.Release|x86.Build.0 = Release|Any CPU
		{9FF313ED-999F-432A-BC44-CC7222E7AF85}.Debug|Any CPU.ActiveCfg = Debug|Any CPU
		{9FF313ED-999F-432A-BC44-CC7222E7AF85}.Debug|Any CPU.Build.0 = Debug|Any CPU
		{9FF313ED-999F-432A-BC44-CC7222E7AF85}.Debug|ARM.ActiveCfg = Debug|Any CPU
		{9FF313ED-999F-432A-BC44-CC7222E7AF85}.Debug|ARM.Build.0 = Debug|Any CPU
		{9FF313ED-999F-432A-BC44-CC7222E7AF85}.Debug|iPhone.ActiveCfg = Debug|Any CPU
		{9FF313ED-999F-432A-BC44-CC7222E7AF85}.Debug|iPhone.Build.0 = Debug|Any CPU
		{9FF313ED-999F-432A-BC44-CC7222E7AF85}.Debug|iPhoneSimulator.ActiveCfg = Debug|Any CPU
		{9FF313ED-999F-432A-BC44-CC7222E7AF85}.Debug|iPhoneSimulator.Build.0 = Debug|Any CPU
		{9FF313ED-999F-432A-BC44-CC7222E7AF85}.Debug|x64.ActiveCfg = Debug|Any CPU
		{9FF313ED-999F-432A-BC44-CC7222E7AF85}.Debug|x64.Build.0 = Debug|Any CPU
		{9FF313ED-999F-432A-BC44-CC7222E7AF85}.Debug|x86.ActiveCfg = Debug|Any CPU
		{9FF313ED-999F-432A-BC44-CC7222E7AF85}.Debug|x86.Build.0 = Debug|Any CPU
		{9FF313ED-999F-432A-BC44-CC7222E7AF85}.Release|Any CPU.ActiveCfg = Release|Any CPU
		{9FF313ED-999F-432A-BC44-CC7222E7AF85}.Release|Any CPU.Build.0 = Release|Any CPU
		{9FF313ED-999F-432A-BC44-CC7222E7AF85}.Release|ARM.ActiveCfg = Release|Any CPU
		{9FF313ED-999F-432A-BC44-CC7222E7AF85}.Release|ARM.Build.0 = Release|Any CPU
		{9FF313ED-999F-432A-BC44-CC7222E7AF85}.Release|iPhone.ActiveCfg = Release|Any CPU
		{9FF313ED-999F-432A-BC44-CC7222E7AF85}.Release|iPhone.Build.0 = Release|Any CPU
		{9FF313ED-999F-432A-BC44-CC7222E7AF85}.Release|iPhoneSimulator.ActiveCfg = Release|Any CPU
		{9FF313ED-999F-432A-BC44-CC7222E7AF85}.Release|iPhoneSimulator.Build.0 = Release|Any CPU
		{9FF313ED-999F-432A-BC44-CC7222E7AF85}.Release|x64.ActiveCfg = Release|Any CPU
		{9FF313ED-999F-432A-BC44-CC7222E7AF85}.Release|x64.Build.0 = Release|Any CPU
		{9FF313ED-999F-432A-BC44-CC7222E7AF85}.Release|x86.ActiveCfg = Release|Any CPU
		{9FF313ED-999F-432A-BC44-CC7222E7AF85}.Release|x86.Build.0 = Release|Any CPU
		{C387C6D5-E8FE-45CC-9E12-67FF085226A4}.Debug|Any CPU.ActiveCfg = Debug|Any CPU
		{C387C6D5-E8FE-45CC-9E12-67FF085226A4}.Debug|Any CPU.Build.0 = Debug|Any CPU
		{C387C6D5-E8FE-45CC-9E12-67FF085226A4}.Debug|ARM.ActiveCfg = Debug|Any CPU
		{C387C6D5-E8FE-45CC-9E12-67FF085226A4}.Debug|ARM.Build.0 = Debug|Any CPU
		{C387C6D5-E8FE-45CC-9E12-67FF085226A4}.Debug|iPhone.ActiveCfg = Debug|Any CPU
		{C387C6D5-E8FE-45CC-9E12-67FF085226A4}.Debug|iPhone.Build.0 = Debug|Any CPU
		{C387C6D5-E8FE-45CC-9E12-67FF085226A4}.Debug|iPhoneSimulator.ActiveCfg = Debug|Any CPU
		{C387C6D5-E8FE-45CC-9E12-67FF085226A4}.Debug|iPhoneSimulator.Build.0 = Debug|Any CPU
		{C387C6D5-E8FE-45CC-9E12-67FF085226A4}.Debug|x64.ActiveCfg = Debug|Any CPU
		{C387C6D5-E8FE-45CC-9E12-67FF085226A4}.Debug|x64.Build.0 = Debug|Any CPU
		{C387C6D5-E8FE-45CC-9E12-67FF085226A4}.Debug|x86.ActiveCfg = Debug|Any CPU
		{C387C6D5-E8FE-45CC-9E12-67FF085226A4}.Debug|x86.Build.0 = Debug|Any CPU
		{C387C6D5-E8FE-45CC-9E12-67FF085226A4}.Release|Any CPU.ActiveCfg = Release|Any CPU
		{C387C6D5-E8FE-45CC-9E12-67FF085226A4}.Release|Any CPU.Build.0 = Release|Any CPU
		{C387C6D5-E8FE-45CC-9E12-67FF085226A4}.Release|ARM.ActiveCfg = Release|Any CPU
		{C387C6D5-E8FE-45CC-9E12-67FF085226A4}.Release|ARM.Build.0 = Release|Any CPU
		{C387C6D5-E8FE-45CC-9E12-67FF085226A4}.Release|iPhone.ActiveCfg = Release|Any CPU
		{C387C6D5-E8FE-45CC-9E12-67FF085226A4}.Release|iPhone.Build.0 = Release|Any CPU
		{C387C6D5-E8FE-45CC-9E12-67FF085226A4}.Release|iPhoneSimulator.ActiveCfg = Release|Any CPU
		{C387C6D5-E8FE-45CC-9E12-67FF085226A4}.Release|iPhoneSimulator.Build.0 = Release|Any CPU
		{C387C6D5-E8FE-45CC-9E12-67FF085226A4}.Release|x64.ActiveCfg = Release|Any CPU
		{C387C6D5-E8FE-45CC-9E12-67FF085226A4}.Release|x64.Build.0 = Release|Any CPU
		{C387C6D5-E8FE-45CC-9E12-67FF085226A4}.Release|x86.ActiveCfg = Release|Any CPU
		{C387C6D5-E8FE-45CC-9E12-67FF085226A4}.Release|x86.Build.0 = Release|Any CPU
		{48DE91A2-9BC1-48EB-8200-0C8CFB3DA933}.Debug|Any CPU.ActiveCfg = Debug|Any CPU
		{48DE91A2-9BC1-48EB-8200-0C8CFB3DA933}.Debug|Any CPU.Build.0 = Debug|Any CPU
		{48DE91A2-9BC1-48EB-8200-0C8CFB3DA933}.Debug|ARM.ActiveCfg = Debug|Any CPU
		{48DE91A2-9BC1-48EB-8200-0C8CFB3DA933}.Debug|ARM.Build.0 = Debug|Any CPU
		{48DE91A2-9BC1-48EB-8200-0C8CFB3DA933}.Debug|iPhone.ActiveCfg = Debug|Any CPU
		{48DE91A2-9BC1-48EB-8200-0C8CFB3DA933}.Debug|iPhone.Build.0 = Debug|Any CPU
		{48DE91A2-9BC1-48EB-8200-0C8CFB3DA933}.Debug|iPhoneSimulator.ActiveCfg = Debug|Any CPU
		{48DE91A2-9BC1-48EB-8200-0C8CFB3DA933}.Debug|iPhoneSimulator.Build.0 = Debug|Any CPU
		{48DE91A2-9BC1-48EB-8200-0C8CFB3DA933}.Debug|x64.ActiveCfg = Debug|Any CPU
		{48DE91A2-9BC1-48EB-8200-0C8CFB3DA933}.Debug|x64.Build.0 = Debug|Any CPU
		{48DE91A2-9BC1-48EB-8200-0C8CFB3DA933}.Debug|x86.ActiveCfg = Debug|Any CPU
		{48DE91A2-9BC1-48EB-8200-0C8CFB3DA933}.Debug|x86.Build.0 = Debug|Any CPU
		{48DE91A2-9BC1-48EB-8200-0C8CFB3DA933}.Release|Any CPU.ActiveCfg = Release|Any CPU
		{48DE91A2-9BC1-48EB-8200-0C8CFB3DA933}.Release|Any CPU.Build.0 = Release|Any CPU
		{48DE91A2-9BC1-48EB-8200-0C8CFB3DA933}.Release|ARM.ActiveCfg = Release|Any CPU
		{48DE91A2-9BC1-48EB-8200-0C8CFB3DA933}.Release|ARM.Build.0 = Release|Any CPU
		{48DE91A2-9BC1-48EB-8200-0C8CFB3DA933}.Release|iPhone.ActiveCfg = Release|Any CPU
		{48DE91A2-9BC1-48EB-8200-0C8CFB3DA933}.Release|iPhone.Build.0 = Release|Any CPU
		{48DE91A2-9BC1-48EB-8200-0C8CFB3DA933}.Release|iPhoneSimulator.ActiveCfg = Release|Any CPU
		{48DE91A2-9BC1-48EB-8200-0C8CFB3DA933}.Release|iPhoneSimulator.Build.0 = Release|Any CPU
		{48DE91A2-9BC1-48EB-8200-0C8CFB3DA933}.Release|x64.ActiveCfg = Release|Any CPU
		{48DE91A2-9BC1-48EB-8200-0C8CFB3DA933}.Release|x64.Build.0 = Release|Any CPU
		{48DE91A2-9BC1-48EB-8200-0C8CFB3DA933}.Release|x86.ActiveCfg = Release|Any CPU
		{48DE91A2-9BC1-48EB-8200-0C8CFB3DA933}.Release|x86.Build.0 = Release|Any CPU
		{9505467C-E4FC-4422-A51B-B6C068DF6090}.Debug|Any CPU.ActiveCfg = Debug|Any CPU
		{9505467C-E4FC-4422-A51B-B6C068DF6090}.Debug|Any CPU.Build.0 = Debug|Any CPU
		{9505467C-E4FC-4422-A51B-B6C068DF6090}.Debug|ARM.ActiveCfg = Debug|Any CPU
		{9505467C-E4FC-4422-A51B-B6C068DF6090}.Debug|ARM.Build.0 = Debug|Any CPU
		{9505467C-E4FC-4422-A51B-B6C068DF6090}.Debug|iPhone.ActiveCfg = Debug|Any CPU
		{9505467C-E4FC-4422-A51B-B6C068DF6090}.Debug|iPhone.Build.0 = Debug|Any CPU
		{9505467C-E4FC-4422-A51B-B6C068DF6090}.Debug|iPhoneSimulator.ActiveCfg = Debug|Any CPU
		{9505467C-E4FC-4422-A51B-B6C068DF6090}.Debug|iPhoneSimulator.Build.0 = Debug|Any CPU
		{9505467C-E4FC-4422-A51B-B6C068DF6090}.Debug|x64.ActiveCfg = Debug|Any CPU
		{9505467C-E4FC-4422-A51B-B6C068DF6090}.Debug|x64.Build.0 = Debug|Any CPU
		{9505467C-E4FC-4422-A51B-B6C068DF6090}.Debug|x86.ActiveCfg = Debug|Any CPU
		{9505467C-E4FC-4422-A51B-B6C068DF6090}.Debug|x86.Build.0 = Debug|Any CPU
		{9505467C-E4FC-4422-A51B-B6C068DF6090}.Release|Any CPU.ActiveCfg = Release|Any CPU
		{9505467C-E4FC-4422-A51B-B6C068DF6090}.Release|Any CPU.Build.0 = Release|Any CPU
		{9505467C-E4FC-4422-A51B-B6C068DF6090}.Release|ARM.ActiveCfg = Release|Any CPU
		{9505467C-E4FC-4422-A51B-B6C068DF6090}.Release|ARM.Build.0 = Release|Any CPU
		{9505467C-E4FC-4422-A51B-B6C068DF6090}.Release|iPhone.ActiveCfg = Release|Any CPU
		{9505467C-E4FC-4422-A51B-B6C068DF6090}.Release|iPhone.Build.0 = Release|Any CPU
		{9505467C-E4FC-4422-A51B-B6C068DF6090}.Release|iPhoneSimulator.ActiveCfg = Release|Any CPU
		{9505467C-E4FC-4422-A51B-B6C068DF6090}.Release|iPhoneSimulator.Build.0 = Release|Any CPU
		{9505467C-E4FC-4422-A51B-B6C068DF6090}.Release|x64.ActiveCfg = Release|Any CPU
		{9505467C-E4FC-4422-A51B-B6C068DF6090}.Release|x64.Build.0 = Release|Any CPU
		{9505467C-E4FC-4422-A51B-B6C068DF6090}.Release|x86.ActiveCfg = Release|Any CPU
		{9505467C-E4FC-4422-A51B-B6C068DF6090}.Release|x86.Build.0 = Release|Any CPU
	EndGlobalSection
	GlobalSection(SolutionProperties) = preSolution
		HideSolutionNode = FALSE
	EndGlobalSection
	GlobalSection(ExtensibilityGlobals) = postSolution
		SolutionGuid = {2BD32906-CD52-40A5-B7AD-D673EA301850}
	EndGlobalSection
EndGlobal
